
Microsoft Visual Studio Solution File, Format Version 12.00
# Visual Studio Version 16
VisualStudioVersion = 16.0.29806.167
MinimumVisualStudioVersion = 15.0.26124.0
Project("{9A19103F-16F7-4668-BE54-9A1E7A4F7556}") = "Kitpymes.Core.Validations.Abstractions", "Kitpymes.Core.Validations.Abstractions\Kitpymes.Core.Validations.Abstractions.csproj", "{8F586CAF-7D6B-4954-9EDB-590E062CD199}"
EndProject
Project("{9A19103F-16F7-4668-BE54-9A1E7A4F7556}") = "Kitpymes.Core.Validations", "Kitpymes.Core.Validations\Kitpymes.Core.Validations.csproj", "{93C891EC-979A-493C-ACBC-4EB94B4DDC55}"
EndProject
Project("{9A19103F-16F7-4668-BE54-9A1E7A4F7556}") = "Kitpymes.Core.Validations.FluentValidation", "Kitpymes.Core.Validations.FluentValidation\Kitpymes.Core.Validations.FluentValidation.csproj", "{84DA3209-AC36-437D-8467-12E4FC75C424}"
EndProject
Project("{2150E333-8FDC-42A3-9474-1A3956D46DE8}") = "docs", "docs", "{F030D8F4-34F5-4195-87F2-95EB4EEAFA9F}"
	ProjectSection(SolutionItems) = preProject
		docs\LICENSE.txt = docs\LICENSE.txt
		docs\README.md = docs\README.md
		docs\README_NUGET.md = docs\README_NUGET.md
		docs\RELEASE_NOTES.txt = docs\RELEASE_NOTES.txt
	EndProjectSection
EndProject
Project("{2150E333-8FDC-42A3-9474-1A3956D46DE8}") = "analyzers", "analyzers", "{3F024418-2821-4C2A-A8C4-895559A91FF3}"
	ProjectSection(SolutionItems) = preProject
		.editorconfig = .editorconfig
		docs\analyzers\stylecop.json = docs\analyzers\stylecop.json
		docs\analyzers\stylecop.ruleset = docs\analyzers\stylecop.ruleset
	EndProjectSection
EndProject
Project("{2150E333-8FDC-42A3-9474-1A3956D46DE8}") = "images", "images", "{2DA2CADC-BC10-4879-ADFD-3C686F28B3AC}"
	ProjectSection(SolutionItems) = preProject
		docs\images\logo.ico = docs\images\logo.ico
		docs\images\logo.png = docs\images\logo.png
	EndProjectSection
EndProject
Project("{2150E333-8FDC-42A3-9474-1A3956D46DE8}") = "signassembly", "signassembly", "{F65F8E73-B0FF-4080-AB7D-5FC48E56A990}"
	ProjectSection(SolutionItems) = preProject
		docs\signassembly\SignStrong.snk = docs\signassembly\SignStrong.snk
	EndProjectSection
EndProject
Project("{2150E333-8FDC-42A3-9474-1A3956D46DE8}") = "props", "props", "{355B97A5-AD73-492F-8AA1-5654A9652943}"
	ProjectSection(SolutionItems) = preProject
		docs\_config.yml = docs\_config.yml
		docs\props\Common.Build.props = docs\props\Common.Build.props
		.github\workflows\dotnetcore.yml = .github\workflows\dotnetcore.yml
		global.json = global.json
		docs\props\Pack.Build.props = docs\props\Pack.Build.props
		docs\props\tests.runsettings = docs\props\tests.runsettings
	EndProjectSection
EndProject
Project("{2150E333-8FDC-42A3-9474-1A3956D46DE8}") = "tests", "tests", "{9E756BA4-D04E-42F7-A3A8-B725CCE8EFE8}"
EndProject
Project("{9A19103F-16F7-4668-BE54-9A1E7A4F7556}") = "Tests.Api", "tests\Tests.Api\Tests.Api.csproj", "{CBAFDDA2-8749-40EF-AB64-87FAC15041C7}"
EndProject
Project("{9A19103F-16F7-4668-BE54-9A1E7A4F7556}") = "Tests.Api.Models", "tests\Tests.Api.Models\Tests.Api.Models.csproj", "{02F191F0-3AAE-4B44-9AB4-24B73BE69097}"
EndProject
Project("{9A19103F-16F7-4668-BE54-9A1E7A4F7556}") = "Tests.Api.EndpointsTests", "tests\Tests.Api.EndpointTests\Tests.Api.EndpointsTests.csproj", "{AD567A14-749E-4886-A92E-979D92CCFD5F}"
EndProject
Project("{9A19103F-16F7-4668-BE54-9A1E7A4F7556}") = "Kitpymes.Core.Validations.FluentValidation.Tests", "Kitpymes.Core.Validations.FluentValidation.Tests\Kitpymes.Core.Validations.FluentValidation.Tests.csproj", "{779E45CD-9719-458B-8BF6-9A729DAEC29A}"
EndProject
Project("{9A19103F-16F7-4668-BE54-9A1E7A4F7556}") = "Kitpymes.Core.Validations.Tests", "Kitpymes.Core.Validations.Tests\Kitpymes.Core.Validations.Tests.csproj", "{696D19D6-1A1E-498C-B9AF-16D9F5F3461D}"
EndProject
Global
	GlobalSection(SolutionConfigurationPlatforms) = preSolution
		Debug|Any CPU = Debug|Any CPU
		Debug|x64 = Debug|x64
		Debug|x86 = Debug|x86
		Release|Any CPU = Release|Any CPU
		Release|x64 = Release|x64
		Release|x86 = Release|x86
	EndGlobalSection
	GlobalSection(ProjectConfigurationPlatforms) = postSolution
		{8F586CAF-7D6B-4954-9EDB-590E062CD199}.Debug|Any CPU.ActiveCfg = Debug|Any CPU
		{8F586CAF-7D6B-4954-9EDB-590E062CD199}.Debug|Any CPU.Build.0 = Debug|Any CPU
		{8F586CAF-7D6B-4954-9EDB-590E062CD199}.Debug|x64.ActiveCfg = Debug|Any CPU
		{8F586CAF-7D6B-4954-9EDB-590E062CD199}.Debug|x64.Build.0 = Debug|Any CPU
		{8F586CAF-7D6B-4954-9EDB-590E062CD199}.Debug|x86.ActiveCfg = Debug|Any CPU
		{8F586CAF-7D6B-4954-9EDB-590E062CD199}.Debug|x86.Build.0 = Debug|Any CPU
		{8F586CAF-7D6B-4954-9EDB-590E062CD199}.Release|Any CPU.ActiveCfg = Release|Any CPU
		{8F586CAF-7D6B-4954-9EDB-590E062CD199}.Release|Any CPU.Build.0 = Release|Any CPU
		{8F586CAF-7D6B-4954-9EDB-590E062CD199}.Release|x64.ActiveCfg = Release|Any CPU
		{8F586CAF-7D6B-4954-9EDB-590E062CD199}.Release|x64.Build.0 = Release|Any CPU
		{8F586CAF-7D6B-4954-9EDB-590E062CD199}.Release|x86.ActiveCfg = Release|Any CPU
		{8F586CAF-7D6B-4954-9EDB-590E062CD199}.Release|x86.Build.0 = Release|Any CPU
		{93C891EC-979A-493C-ACBC-4EB94B4DDC55}.Debug|Any CPU.ActiveCfg = Debug|Any CPU
		{93C891EC-979A-493C-ACBC-4EB94B4DDC55}.Debug|Any CPU.Build.0 = Debug|Any CPU
		{93C891EC-979A-493C-ACBC-4EB94B4DDC55}.Debug|x64.ActiveCfg = Debug|Any CPU
		{93C891EC-979A-493C-ACBC-4EB94B4DDC55}.Debug|x64.Build.0 = Debug|Any CPU
		{93C891EC-979A-493C-ACBC-4EB94B4DDC55}.Debug|x86.ActiveCfg = Debug|Any CPU
		{93C891EC-979A-493C-ACBC-4EB94B4DDC55}.Debug|x86.Build.0 = Debug|Any CPU
		{93C891EC-979A-493C-ACBC-4EB94B4DDC55}.Release|Any CPU.ActiveCfg = Release|Any CPU
		{93C891EC-979A-493C-ACBC-4EB94B4DDC55}.Release|Any CPU.Build.0 = Release|Any CPU
		{93C891EC-979A-493C-ACBC-4EB94B4DDC55}.Release|x64.ActiveCfg = Release|Any CPU
		{93C891EC-979A-493C-ACBC-4EB94B4DDC55}.Release|x64.Build.0 = Release|Any CPU
		{93C891EC-979A-493C-ACBC-4EB94B4DDC55}.Release|x86.ActiveCfg = Release|Any CPU
		{93C891EC-979A-493C-ACBC-4EB94B4DDC55}.Release|x86.Build.0 = Release|Any CPU
		{84DA3209-AC36-437D-8467-12E4FC75C424}.Debug|Any CPU.ActiveCfg = Debug|Any CPU
		{84DA3209-AC36-437D-8467-12E4FC75C424}.Debug|Any CPU.Build.0 = Debug|Any CPU
		{84DA3209-AC36-437D-8467-12E4FC75C424}.Debug|x64.ActiveCfg = Debug|Any CPU
		{84DA3209-AC36-437D-8467-12E4FC75C424}.Debug|x64.Build.0 = Debug|Any CPU
		{84DA3209-AC36-437D-8467-12E4FC75C424}.Debug|x86.ActiveCfg = Debug|Any CPU
		{84DA3209-AC36-437D-8467-12E4FC75C424}.Debug|x86.Build.0 = Debug|Any CPU
		{84DA3209-AC36-437D-8467-12E4FC75C424}.Release|Any CPU.ActiveCfg = Release|Any CPU
		{84DA3209-AC36-437D-8467-12E4FC75C424}.Release|Any CPU.Build.0 = Release|Any CPU
		{84DA3209-AC36-437D-8467-12E4FC75C424}.Release|x64.ActiveCfg = Release|Any CPU
		{84DA3209-AC36-437D-8467-12E4FC75C424}.Release|x64.Build.0 = Release|Any CPU
		{84DA3209-AC36-437D-8467-12E4FC75C424}.Release|x86.ActiveCfg = Release|Any CPU
		{84DA3209-AC36-437D-8467-12E4FC75C424}.Release|x86.Build.0 = Release|Any CPU
		{CBAFDDA2-8749-40EF-AB64-87FAC15041C7}.Debug|Any CPU.ActiveCfg = Debug|Any CPU
		{CBAFDDA2-8749-40EF-AB64-87FAC15041C7}.Debug|Any CPU.Build.0 = Debug|Any CPU
		{CBAFDDA2-8749-40EF-AB64-87FAC15041C7}.Debug|x64.ActiveCfg = Debug|Any CPU
		{CBAFDDA2-8749-40EF-AB64-87FAC15041C7}.Debug|x64.Build.0 = Debug|Any CPU
		{CBAFDDA2-8749-40EF-AB64-87FAC15041C7}.Debug|x86.ActiveCfg = Debug|Any CPU
		{CBAFDDA2-8749-40EF-AB64-87FAC15041C7}.Debug|x86.Build.0 = Debug|Any CPU
		{CBAFDDA2-8749-40EF-AB64-87FAC15041C7}.Release|Any CPU.ActiveCfg = Release|Any CPU
		{CBAFDDA2-8749-40EF-AB64-87FAC15041C7}.Release|Any CPU.Build.0 = Release|Any CPU
		{CBAFDDA2-8749-40EF-AB64-87FAC15041C7}.Release|x64.ActiveCfg = Release|Any CPU
		{CBAFDDA2-8749-40EF-AB64-87FAC15041C7}.Release|x64.Build.0 = Release|Any CPU
		{CBAFDDA2-8749-40EF-AB64-87FAC15041C7}.Release|x86.ActiveCfg = Release|Any CPU
		{CBAFDDA2-8749-40EF-AB64-87FAC15041C7}.Release|x86.Build.0 = Release|Any CPU
		{02F191F0-3AAE-4B44-9AB4-24B73BE69097}.Debug|Any CPU.ActiveCfg = Debug|Any CPU
		{02F191F0-3AAE-4B44-9AB4-24B73BE69097}.Debug|Any CPU.Build.0 = Debug|Any CPU
		{02F191F0-3AAE-4B44-9AB4-24B73BE69097}.Debug|x64.ActiveCfg = Debug|Any CPU
		{02F191F0-3AAE-4B44-9AB4-24B73BE69097}.Debug|x64.Build.0 = Debug|Any CPU
		{02F191F0-3AAE-4B44-9AB4-24B73BE69097}.Debug|x86.ActiveCfg = Debug|Any CPU
		{02F191F0-3AAE-4B44-9AB4-24B73BE69097}.Debug|x86.Build.0 = Debug|Any CPU
		{02F191F0-3AAE-4B44-9AB4-24B73BE69097}.Release|Any CPU.ActiveCfg = Release|Any CPU
		{02F191F0-3AAE-4B44-9AB4-24B73BE69097}.Release|Any CPU.Build.0 = Release|Any CPU
		{02F191F0-3AAE-4B44-9AB4-24B73BE69097}.Release|x64.ActiveCfg = Release|Any CPU
		{02F191F0-3AAE-4B44-9AB4-24B73BE69097}.Release|x64.Build.0 = Release|Any CPU
		{02F191F0-3AAE-4B44-9AB4-24B73BE69097}.Release|x86.ActiveCfg = Release|Any CPU
		{02F191F0-3AAE-4B44-9AB4-24B73BE69097}.Release|x86.Build.0 = Release|Any CPU
		{AD567A14-749E-4886-A92E-979D92CCFD5F}.Debug|Any CPU.ActiveCfg = Debug|Any CPU
		{AD567A14-749E-4886-A92E-979D92CCFD5F}.Debug|Any CPU.Build.0 = Debug|Any CPU
		{AD567A14-749E-4886-A92E-979D92CCFD5F}.Debug|x64.ActiveCfg = Debug|Any CPU
		{AD567A14-749E-4886-A92E-979D92CCFD5F}.Debug|x64.Build.0 = Debug|Any CPU
		{AD567A14-749E-4886-A92E-979D92CCFD5F}.Debug|x86.ActiveCfg = Debug|Any CPU
		{AD567A14-749E-4886-A92E-979D92CCFD5F}.Debug|x86.Build.0 = Debug|Any CPU
		{AD567A14-749E-4886-A92E-979D92CCFD5F}.Release|Any CPU.ActiveCfg = Release|Any CPU
		{AD567A14-749E-4886-A92E-979D92CCFD5F}.Release|Any CPU.Build.0 = Release|Any CPU
		{AD567A14-749E-4886-A92E-979D92CCFD5F}.Release|x64.ActiveCfg = Release|Any CPU
		{AD567A14-749E-4886-A92E-979D92CCFD5F}.Release|x64.Build.0 = Release|Any CPU
		{AD567A14-749E-4886-A92E-979D92CCFD5F}.Release|x86.ActiveCfg = Release|Any CPU
		{AD567A14-749E-4886-A92E-979D92CCFD5F}.Release|x86.Build.0 = Release|Any CPU
		{779E45CD-9719-458B-8BF6-9A729DAEC29A}.Debug|Any CPU.ActiveCfg = Debug|Any CPU
		{779E45CD-9719-458B-8BF6-9A729DAEC29A}.Debug|Any CPU.Build.0 = Debug|Any CPU
		{779E45CD-9719-458B-8BF6-9A729DAEC29A}.Debug|x64.ActiveCfg = Debug|Any CPU
		{779E45CD-9719-458B-8BF6-9A729DAEC29A}.Debug|x64.Build.0 = Debug|Any CPU
		{779E45CD-9719-458B-8BF6-9A729DAEC29A}.Debug|x86.ActiveCfg = Debug|Any CPU
		{779E45CD-9719-458B-8BF6-9A729DAEC29A}.Debug|x86.Build.0 = Debug|Any CPU
		{779E45CD-9719-458B-8BF6-9A729DAEC29A}.Release|Any CPU.ActiveCfg = Release|Any CPU
		{779E45CD-9719-458B-8BF6-9A729DAEC29A}.Release|Any CPU.Build.0 = Release|Any CPU
		{779E45CD-9719-458B-8BF6-9A729DAEC29A}.Release|x64.ActiveCfg = Release|Any CPU
		{779E45CD-9719-458B-8BF6-9A729DAEC29A}.Release|x64.Build.0 = Release|Any CPU
		{779E45CD-9719-458B-8BF6-9A729DAEC29A}.Release|x86.ActiveCfg = Release|Any CPU
		{779E45CD-9719-458B-8BF6-9A729DAEC29A}.Release|x86.Build.0 = Release|Any CPU
		{696D19D6-1A1E-498C-B9AF-16D9F5F3461D}.Debug|Any CPU.ActiveCfg = Debug|Any CPU
		{696D19D6-1A1E-498C-B9AF-16D9F5F3461D}.Debug|Any CPU.Build.0 = Debug|Any CPU
		{696D19D6-1A1E-498C-B9AF-16D9F5F3461D}.Debug|x64.ActiveCfg = Debug|Any CPU
		{696D19D6-1A1E-498C-B9AF-16D9F5F3461D}.Debug|x64.Build.0 = Debug|Any CPU
		{696D19D6-1A1E-498C-B9AF-16D9F5F3461D}.Debug|x86.ActiveCfg = Debug|Any CPU
		{696D19D6-1A1E-498C-B9AF-16D9F5F3461D}.Debug|x86.Build.0 = Debug|Any CPU
		{696D19D6-1A1E-498C-B9AF-16D9F5F3461D}.Release|Any CPU.ActiveCfg = Release|Any CPU
		{696D19D6-1A1E-498C-B9AF-16D9F5F3461D}.Release|Any CPU.Build.0 = Release|Any CPU
		{696D19D6-1A1E-498C-B9AF-16D9F5F3461D}.Release|x64.ActiveCfg = Release|Any CPU
		{696D19D6-1A1E-498C-B9AF-16D9F5F3461D}.Release|x64.Build.0 = Release|Any CPU
		{696D19D6-1A1E-498C-B9AF-16D9F5F3461D}.Release|x86.ActiveCfg = Release|Any CPU
		{696D19D6-1A1E-498C-B9AF-16D9F5F3461D}.Release|x86.Build.0 = Release|Any CPU
	EndGlobalSection
	GlobalSection(SolutionProperties) = preSolution
		HideSolutionNode = FALSE
	EndGlobalSection
	GlobalSection(NestedProjects) = preSolution
		{3F024418-2821-4C2A-A8C4-895559A91FF3} = {F030D8F4-34F5-4195-87F2-95EB4EEAFA9F}
		{2DA2CADC-BC10-4879-ADFD-3C686F28B3AC} = {F030D8F4-34F5-4195-87F2-95EB4EEAFA9F}
		{F65F8E73-B0FF-4080-AB7D-5FC48E56A990} = {F030D8F4-34F5-4195-87F2-95EB4EEAFA9F}
		{355B97A5-AD73-492F-8AA1-5654A9652943} = {F030D8F4-34F5-4195-87F2-95EB4EEAFA9F}
		{CBAFDDA2-8749-40EF-AB64-87FAC15041C7} = {9E756BA4-D04E-42F7-A3A8-B725CCE8EFE8}
		{02F191F0-3AAE-4B44-9AB4-24B73BE69097} = {9E756BA4-D04E-42F7-A3A8-B725CCE8EFE8}
		{AD567A14-749E-4886-A92E-979D92CCFD5F} = {9E756BA4-D04E-42F7-A3A8-B725CCE8EFE8}
	EndGlobalSection
	GlobalSection(ExtensibilityGlobals) = postSolution
		SolutionGuid = {E3954504-31E4-4BAE-AE92-F20DEF947499}
	EndGlobalSection
EndGlobal
